// !$*UTF8*$!
{
	archiveVersion = 1;
	classes = {
	};
	objectVersion = 56;
	objects = {

/* Begin PBXBuildFile section */
		4EB9223728F9242C004B160F /* AppDelegate.swift in Sources */ = {isa = PBXBuildFile; fileRef = 4EB9223628F9242C004B160F /* AppDelegate.swift */; };
		4EB9223928F9242C004B160F /* SceneDelegate.swift in Sources */ = {isa = PBXBuildFile; fileRef = 4EB9223828F9242C004B160F /* SceneDelegate.swift */; };
		4EB9223B28F9242C004B160F /* ViewController.swift in Sources */ = {isa = PBXBuildFile; fileRef = 4EB9223A28F9242C004B160F /* ViewController.swift */; };
		4EB9223E28F9242C004B160F /* Main.storyboard in Resources */ = {isa = PBXBuildFile; fileRef = 4EB9223C28F9242C004B160F /* Main.storyboard */; };
		4EB9224028F9242D004B160F /* Assets.xcassets in Resources */ = {isa = PBXBuildFile; fileRef = 4EB9223F28F9242D004B160F /* Assets.xcassets */; };
		4EB9224328F9242D004B160F /* LaunchScreen.storyboard in Resources */ = {isa = PBXBuildFile; fileRef = 4EB9224128F9242D004B160F /* LaunchScreen.storyboard */; };
		4EB9224E28F9242E004B160F /* FitnessAPPTests.swift in Sources */ = {isa = PBXBuildFile; fileRef = 4EB9224D28F9242E004B160F /* FitnessAPPTests.swift */; };
		4EB9225828F9242E004B160F /* FitnessAPPUITests.swift in Sources */ = {isa = PBXBuildFile; fileRef = 4EB9225728F9242E004B160F /* FitnessAPPUITests.swift */; };
		4EB9225A28F9242E004B160F /* FitnessAPPUITestsLaunchTests.swift in Sources */ = {isa = PBXBuildFile; fileRef = 4EB9225928F9242E004B160F /* FitnessAPPUITestsLaunchTests.swift */; };
/* End PBXBuildFile section */

/* Begin PBXContainerItemProxy section */
		4EB9224A28F9242E004B160F /* PBXContainerItemProxy */ = {
			isa = PBXContainerItemProxy;
			containerPortal = 4EB9222B28F9242B004B160F /* Project object */;
			proxyType = 1;
			remoteGlobalIDString = 4EB9223228F9242C004B160F;
			remoteInfo = FitnessAPP;
		};
		4EB9225428F9242E004B160F /* PBXContainerItemProxy */ = {
			isa = PBXContainerItemProxy;
			containerPortal = 4EB9222B28F9242B004B160F /* Project object */;
			proxyType = 1;
			remoteGlobalIDString = 4EB9223228F9242C004B160F;
			remoteInfo = FitnessAPP;
		};
/* End PBXContainerItemProxy section */

/* Begin PBXFileReference section */
		4EB9223328F9242C004B160F /* FitnessAPP.app */ = {isa = PBXFileReference; explicitFileType = wrapper.application; includeInIndex = 0; path = FitnessAPP.app; sourceTree = BUILT_PRODUCTS_DIR; };
		4EB9223628F9242C004B160F /* AppDelegate.swift */ = {isa = PBXFileReference; lastKnownFileType = sourcecode.swift; path = AppDelegate.swift; sourceTree = "<group>"; };
		4EB9223828F9242C004B160F /* SceneDelegate.swift */ = {isa = PBXFileReference; lastKnownFileType = sourcecode.swift; path = SceneDelegate.swift; sourceTree = "<group>"; };
		4EB9223A28F9242C004B160F /* ViewController.swift */ = {isa = PBXFileReference; lastKnownFileType = sourcecode.swift; path = ViewController.swift; sourceTree = "<group>"; };
		4EB9223D28F9242C004B160F /* Base */ = {isa = PBXFileReference; lastKnownFileType = file.storyboard; name = Base; path = Base.lproj/Main.storyboard; sourceTree = "<group>"; };
		4EB9223F28F9242D004B160F /* Assets.xcassets */ = {isa = PBXFileReference; lastKnownFileType = folder.assetcatalog; path = Assets.xcassets; sourceTree = "<group>"; };
		4EB9224228F9242D004B160F /* Base */ = {isa = PBXFileReference; lastKnownFileType = file.storyboard; name = Base; path = Base.lproj/LaunchScreen.storyboard; sourceTree = "<group>"; };
		4EB9224428F9242D004B160F /* Info.plist */ = {isa = PBXFileReference; lastKnownFileType = text.plist.xml; path = Info.plist; sourceTree = "<group>"; };
		4EB9224928F9242E004B160F /* FitnessAPPTests.xctest */ = {isa = PBXFileReference; explicitFileType = wrapper.cfbundle; includeInIndex = 0; path = FitnessAPPTests.xctest; sourceTree = BUILT_PRODUCTS_DIR; };
		4EB9224D28F9242E004B160F /* FitnessAPPTests.swift */ = {isa = PBXFileReference; lastKnownFileType = sourcecode.swift; path = FitnessAPPTests.swift; sourceTree = "<group>"; };
		4EB9225328F9242E004B160F /* FitnessAPPUITests.xctest */ = {isa = PBXFileReference; explicitFileType = wrapper.cfbundle; includeInIndex = 0; path = FitnessAPPUITests.xctest; sourceTree = BUILT_PRODUCTS_DIR; };
		4EB9225728F9242E004B160F /* FitnessAPPUITests.swift */ = {isa = PBXFileReference; lastKnownFileType = sourcecode.swift; path = FitnessAPPUITests.swift; sourceTree = "<group>"; };
		4EB9225928F9242E004B160F /* FitnessAPPUITestsLaunchTests.swift */ = {isa = PBXFileReference; lastKnownFileType = sourcecode.swift; path = FitnessAPPUITestsLaunchTests.swift; sourceTree = "<group>"; };
/* End PBXFileReference section */

/* Begin PBXFrameworksBuildPhase section */
		4EB9223028F9242C004B160F /* Frameworks */ = {
			isa = PBXFrameworksBuildPhase;
			buildActionMask = 2147483647;
			files = (
			);
			runOnlyForDeploymentPostprocessing = 0;
		};
		4EB9224628F9242E004B160F /* Frameworks */ = {
			isa = PBXFrameworksBuildPhase;
			buildActionMask = 2147483647;
			files = (
			);
			runOnlyForDeploymentPostprocessing = 0;
		};
		4EB9225028F9242E004B160F /* Frameworks */ = {
			isa = PBXFrameworksBuildPhase;
			buildActionMask = 2147483647;
			files = (
			);
			runOnlyForDeploymentPostprocessing = 0;
		};
/* End PBXFrameworksBuildPhase section */

/* Begin PBXGroup section */
		4EB9222A28F9242B004B160F = {
			isa = PBXGroup;
			children = (
				4EB9223528F9242C004B160F /* FitnessAPP */,
				4EB9224C28F9242E004B160F /* FitnessAPPTests */,
				4EB9225628F9242E004B160F /* FitnessAPPUITests */,
				4EB9223428F9242C004B160F /* Products */,
			);
			sourceTree = "<group>";
		};
		4EB9223428F9242C004B160F /* Products */ = {
			isa = PBXGroup;
			children = (
				4EB9223328F9242C004B160F /* FitnessAPP.app */,
				4EB9224928F9242E004B160F /* FitnessAPPTests.xctest */,
				4EB9225328F9242E004B160F /* FitnessAPPUITests.xctest */,
			);
			name = Products;
			sourceTree = "<group>";
		};
		4EB9223528F9242C004B160F /* FitnessAPP */ = {
			isa = PBXGroup;
			children = (
				4EB9223628F9242C004B160F /* AppDelegate.swift */,
				4EB9223828F9242C004B160F /* SceneDelegate.swift */,
				4EB9223A28F9242C004B160F /* ViewController.swift */,
				4EB9223C28F9242C004B160F /* Main.storyboard */,
				4EB9223F28F9242D004B160F /* Assets.xcassets */,
				4EB9224128F9242D004B160F /* LaunchScreen.storyboard */,
				4EB9224428F9242D004B160F /* Info.plist */,
			);
			path = FitnessAPP;
			sourceTree = "<group>";
		};
		4EB9224C28F9242E004B160F /* FitnessAPPTests */ = {
			isa = PBXGroup;
			children = (
				4EB9224D28F9242E004B160F /* FitnessAPPTests.swift */,
			);
			path = FitnessAPPTests;
			sourceTree = "<group>";
		};
		4EB9225628F9242E004B160F /* FitnessAPPUITests */ = {
			isa = PBXGroup;
			children = (
				4EB9225728F9242E004B160F /* FitnessAPPUITests.swift */,
				4EB9225928F9242E004B160F /* FitnessAPPUITestsLaunchTests.swift */,
			);
			path = FitnessAPPUITests;
			sourceTree = "<group>";
		};
/* End PBXGroup section */

/* Begin PBXNativeTarget section */
		4EB9223228F9242C004B160F /* FitnessAPP */ = {
			isa = PBXNativeTarget;
			buildConfigurationList = 4EB9225D28F9242E004B160F /* Build configuration list for PBXNativeTarget "FitnessAPP" */;
			buildPhases = (
				4EB9222F28F9242C004B160F /* Sources */,
				4EB9223028F9242C004B160F /* Frameworks */,
				4EB9223128F9242C004B160F /* Resources */,
			);
			buildRules = (
			);
			dependencies = (
			);
			name = FitnessAPP;
			productName = FitnessAPP;
			productReference = 4EB9223328F9242C004B160F /* FitnessAPP.app */;
			productType = "com.apple.product-type.application";
		};
		4EB9224828F9242E004B160F /* FitnessAPPTests */ = {
			isa = PBXNativeTarget;
			buildConfigurationList = 4EB9226028F9242E004B160F /* Build configuration list for PBXNativeTarget "FitnessAPPTests" */;
			buildPhases = (
				4EB9224528F9242E004B160F /* Sources */,
				4EB9224628F9242E004B160F /* Frameworks */,
				4EB9224728F9242E004B160F /* Resources */,
			);
			buildRules = (
			);
			dependencies = (
				4EB9224B28F9242E004B160F /* PBXTargetDependency */,
			);
			name = FitnessAPPTests;
			productName = FitnessAPPTests;
			productReference = 4EB9224928F9242E004B160F /* FitnessAPPTests.xctest */;
			productType = "com.apple.product-type.bundle.unit-test";
		};
		4EB9225228F9242E004B160F /* FitnessAPPUITests */ = {
			isa = PBXNativeTarget;
			buildConfigurationList = 4EB9226328F9242E004B160F /* Build configuration list for PBXNativeTarget "FitnessAPPUITests" */;
			buildPhases = (
				4EB9224F28F9242E004B160F /* Sources */,
				4EB9225028F9242E004B160F /* Frameworks */,
				4EB9225128F9242E004B160F /* Resources */,
			);
			buildRules = (
			);
			dependencies = (
				4EB9225528F9242E004B160F /* PBXTargetDependency */,
			);
			name = FitnessAPPUITests;
			productName = FitnessAPPUITests;
			productReference = 4EB9225328F9242E004B160F /* FitnessAPPUITests.xctest */;
			productType = "com.apple.product-type.bundle.ui-testing";
		};
/* End PBXNativeTarget section */

/* Begin PBXProject section */
		4EB9222B28F9242B004B160F /* Project object */ = {
			isa = PBXProject;
			attributes = {
				BuildIndependentTargetsInParallel = 1;
				LastSwiftUpdateCheck = 1400;
				LastUpgradeCheck = 1400;
				TargetAttributes = {
					4EB9223228F9242C004B160F = {
						CreatedOnToolsVersion = 14.0.1;
					};
					4EB9224828F9242E004B160F = {
						CreatedOnToolsVersion = 14.0.1;
						TestTargetID = 4EB9223228F9242C004B160F;
					};
					4EB9225228F9242E004B160F = {
						CreatedOnToolsVersion = 14.0.1;
						TestTargetID = 4EB9223228F9242C004B160F;
					};
				};
			};
			buildConfigurationList = 4EB9222E28F9242B004B160F /* Build configuration list for PBXProject "FitnessAPP" */;
			compatibilityVersion = "Xcode 14.0";
			developmentRegion = en;
			hasScannedForEncodings = 0;
			knownRegions = (
				en,
				Base,
			);
			mainGroup = 4EB9222A28F9242B004B160F;
			productRefGroup = 4EB9223428F9242C004B160F /* Products */;
			projectDirPath = "";
			projectRoot = "";
			targets = (
				4EB9223228F9242C004B160F /* FitnessAPP */,
				4EB9224828F9242E004B160F /* FitnessAPPTests */,
				4EB9225228F9242E004B160F /* FitnessAPPUITests */,
			);
		};
/* End PBXProject section */

/* Begin PBXResourcesBuildPhase section */
		4EB9223128F9242C004B160F /* Resources */ = {
			isa = PBXResourcesBuildPhase;
			buildActionMask = 2147483647;
			files = (
				4EB9224328F9242D004B160F /* LaunchScreen.storyboard in Resources */,
				4EB9224028F9242D004B160F /* Assets.xcassets in Resources */,
				4EB9223E28F9242C004B160F /* Main.storyboard in Resources */,
			);
			runOnlyForDeploymentPostprocessing = 0;
		};
		4EB9224728F9242E004B160F /* Resources */ = {
			isa = PBXResourcesBuildPhase;
			buildActionMask = 2147483647;
			files = (
			);
			runOnlyForDeploymentPostprocessing = 0;
		};
		4EB9225128F9242E004B160F /* Resources */ = {
			isa = PBXResourcesBuildPhase;
			buildActionMask = 2147483647;
			files = (
			);
			runOnlyForDeploymentPostprocessing = 0;
		};
/* End PBXResourcesBuildPhase section */

/* Begin PBXSourcesBuildPhase section */
		4EB9222F28F9242C004B160F /* Sources */ = {
			isa = PBXSourcesBuildPhase;
			buildActionMask = 2147483647;
			files = (
				4EB9223B28F9242C004B160F /* ViewController.swift in Sources */,
				4EB9223728F9242C004B160F /* AppDelegate.swift in Sources */,
				4EB9223928F9242C004B160F /* SceneDelegate.swift in Sources */,
			);
			runOnlyForDeploymentPostprocessing = 0;
		};
		4EB9224528F9242E004B160F /* Sources */ = {
			isa = PBXSourcesBuildPhase;
			buildActionMask = 2147483647;
			files = (
				4EB9224E28F9242E004B160F /* FitnessAPPTests.swift in Sources */,
			);
			runOnlyForDeploymentPostprocessing = 0;
		};
		4EB9224F28F9242E004B160F /* Sources */ = {
			isa = PBXSourcesBuildPhase;
			buildActionMask = 2147483647;
			files = (
				4EB9225828F9242E004B160F /* FitnessAPPUITests.swift in Sources */,
				4EB9225A28F9242E004B160F /* FitnessAPPUITestsLaunchTests.swift in Sources */,
			);
			runOnlyForDeploymentPostprocessing = 0;
		};
/* End PBXSourcesBuildPhase section */

/* Begin PBXTargetDependency section */
		4EB9224B28F9242E004B160F /* PBXTargetDependency */ = {
			isa = PBXTargetDependency;
			target = 4EB9223228F9242C004B160F /* FitnessAPP */;
			targetProxy = 4EB9224A28F9242E004B160F /* PBXContainerItemProxy */;
		};
		4EB9225528F9242E004B160F /* PBXTargetDependency */ = {
			isa = PBXTargetDependency;
			target = 4EB9223228F9242C004B160F /* FitnessAPP */;
			targetProxy = 4EB9225428F9242E004B160F /* PBXContainerItemProxy */;
		};
/* End PBXTargetDependency section */

/* Begin PBXVariantGroup section */
		4EB9223C28F9242C004B160F /* Main.storyboard */ = {
			isa = PBXVariantGroup;
			children = (
				4EB9223D28F9242C004B160F /* Base */,
			);
			name = Main.storyboard;
			sourceTree = "<group>";
		};
		4EB9224128F9242D004B160F /* LaunchScreen.storyboard */ = {
			isa = PBXVariantGroup;
			children = (
				4EB9224228F9242D004B160F /* Base */,
			);
			name = LaunchScreen.storyboard;
			sourceTree = "<group>";
		};
/* End PBXVariantGroup section */

/* Begin XCBuildConfiguration section */
		4EB9225B28F9242E004B160F /* Debug */ = {
			isa = XCBuildConfiguration;
			buildSettings = {
				ALWAYS_SEARCH_USER_PATHS = NO;
				CLANG_ANALYZER_NONNULL = YES;
				CLANG_ANALYZER_NUMBER_OBJECT_CONVERSION = YES_AGGRESSIVE;
				CLANG_CXX_LANGUAGE_STANDARD = "gnu++20";
				CLANG_ENABLE_MODULES = YES;
				CLANG_ENABLE_OBJC_ARC = YES;
				CLANG_ENABLE_OBJC_WEAK = YES;
				CLANG_WARN_BLOCK_CAPTURE_AUTORELEASING = YES;
				CLANG_WARN_BOOL_CONVERSION = YES;
				CLANG_WARN_COMMA = YES;
				CLANG_WARN_CONSTANT_CONVERSION = YES;
				CLANG_WARN_DEPRECATED_OBJC_IMPLEMENTATIONS = YES;
				CLANG_WARN_DIRECT_OBJC_ISA_USAGE = YES_ERROR;
				CLANG_WARN_DOCUMENTATION_COMMENTS = YES;
				CLANG_WARN_EMPTY_BODY = YES;
				CLANG_WARN_ENUM_CONVERSION = YES;
				CLANG_WARN_INFINITE_RECURSION = YES;
				CLANG_WARN_INT_CONVERSION = YES;
				CLANG_WARN_NON_LITERAL_NULL_CONVERSION = YES;
				CLANG_WARN_OBJC_IMPLICIT_RETAIN_SELF = YES;
				CLANG_WARN_OBJC_LITERAL_CONVERSION = YES;
				CLANG_WARN_OBJC_ROOT_CLASS = YES_ERROR;
				CLANG_WARN_QUOTED_INCLUDE_IN_FRAMEWORK_HEADER = YES;
				CLANG_WARN_RANGE_LOOP_ANALYSIS = YES;
				CLANG_WARN_STRICT_PROTOTYPES = YES;
				CLANG_WARN_SUSPICIOUS_MOVE = YES;
				CLANG_WARN_UNGUARDED_AVAILABILITY = YES_AGGRESSIVE;
				CLANG_WARN_UNREACHABLE_CODE = YES;
				CLANG_WARN__DUPLICATE_METHOD_MATCH = YES;
				COPY_PHASE_STRIP = NO;
				DEBUG_INFORMATION_FORMAT = dwarf;
				ENABLE_STRICT_OBJC_MSGSEND = YES;
				ENABLE_TESTABILITY = YES;
				GCC_C_LANGUAGE_STANDARD = gnu11;
				GCC_DYNAMIC_NO_PIC = NO;
				GCC_NO_COMMON_BLOCKS = YES;
				GCC_OPTIMIZATION_LEVEL = 0;
				GCC_PREPROCESSOR_DEFINITIONS = (
					"DEBUG=1",
					"$(inherited)",
				);
				GCC_WARN_64_TO_32_BIT_CONVERSION = YES;
				GCC_WARN_ABOUT_RETURN_TYPE = YES_ERROR;
				GCC_WARN_UNDECLARED_SELECTOR = YES;
				GCC_WARN_UNINITIALIZED_AUTOS = YES_AGGRESSIVE;
				GCC_WARN_UNUSED_FUNCTION = YES;
				GCC_WARN_UNUSED_VARIABLE = YES;
				IPHONEOS_DEPLOYMENT_TARGET = 16.0;
				MTL_ENABLE_DEBUG_INFO = INCLUDE_SOURCE;
				MTL_FAST_MATH = YES;
				ONLY_ACTIVE_ARCH = YES;
				SDKROOT = iphoneos;
				SWIFT_ACTIVE_COMPILATION_CONDITIONS = DEBUG;
				SWIFT_OPTIMIZATION_LEVEL = "-Onone";
			};
			name = Debug;
		};
		4EB9225C28F9242E004B160F /* Release */ = {
			isa = XCBuildConfiguration;
			buildSettings = {
				ALWAYS_SEARCH_USER_PATHS = NO;
				CLANG_ANALYZER_NONNULL = YES;
				CLANG_ANALYZER_NUMBER_OBJECT_CONVERSION = YES_AGGRESSIVE;
				CLANG_CXX_LANGUAGE_STANDARD = "gnu++20";
				CLANG_ENABLE_MODULES = YES;
				CLANG_ENABLE_OBJC_ARC = YES;
				CLANG_ENABLE_OBJC_WEAK = YES;
				CLANG_WARN_BLOCK_CAPTURE_AUTORELEASING = YES;
				CLANG_WARN_BOOL_CONVERSION = YES;
				CLANG_WARN_COMMA = YES;
				CLANG_WARN_CONSTANT_CONVERSION = YES;
				CLANG_WARN_DEPRECATED_OBJC_IMPLEMENTATIONS = YES;
				CLANG_WARN_DIRECT_OBJC_ISA_USAGE = YES_ERROR;
				CLANG_WARN_DOCUMENTATION_COMMENTS = YES;
				CLANG_WARN_EMPTY_BODY = YES;
				CLANG_WARN_ENUM_CONVERSION = YES;
				CLANG_WARN_INFINITE_RECURSION = YES;
				CLANG_WARN_INT_CONVERSION = YES;
				CLANG_WARN_NON_LITERAL_NULL_CONVERSION = YES;
				CLANG_WARN_OBJC_IMPLICIT_RETAIN_SELF = YES;
				CLANG_WARN_OBJC_LITERAL_CONVERSION = YES;
				CLANG_WARN_OBJC_ROOT_CLASS = YES_ERROR;
				CLANG_WARN_QUOTED_INCLUDE_IN_FRAMEWORK_HEADER = YES;
				CLANG_WARN_RANGE_LOOP_ANALYSIS = YES;
				CLANG_WARN_STRICT_PROTOTYPES = YES;
				CLANG_WARN_SUSPICIOUS_MOVE = YES;
				CLANG_WARN_UNGUARDED_AVAILABILITY = YES_AGGRESSIVE;
				CLANG_WARN_UNREACHABLE_CODE = YES;
				CLANG_WARN__DUPLICATE_METHOD_MATCH = YES;
				COPY_PHASE_STRIP = NO;
				DEBUG_INFORMATION_FORMAT = "dwarf-with-dsym";
				ENABLE_NS_ASSERTIONS = NO;
				ENABLE_STRICT_OBJC_MSGSEND = YES;
				GCC_C_LANGUAGE_STANDARD = gnu11;
				GCC_NO_COMMON_BLOCKS = YES;
				GCC_WARN_64_TO_32_BIT_CONVERSION = YES;
				GCC_WARN_ABOUT_RETURN_TYPE = YES_ERROR;
				GCC_WARN_UNDECLARED_SELECTOR = YES;
				GCC_WARN_UNINITIALIZED_AUTOS = YES_AGGRESSIVE;
				GCC_WARN_UNUSED_FUNCTION = YES;
				GCC_WARN_UNUSED_VARIABLE = YES;
				IPHONEOS_DEPLOYMENT_TARGET = 16.0;
				MTL_ENABLE_DEBUG_INFO = NO;
				MTL_FAST_MATH = YES;
				SDKROOT = iphoneos;
				SWIFT_COMPILATION_MODE = wholemodule;
				SWIFT_OPTIMIZATION_LEVEL = "-O";
				VALIDATE_PRODUCT = YES;
			};
			name = Release;
		};
		4EB9225E28F9242E004B160F /* Debug */ = {
			isa = XCBuildConfiguration;
			buildSettings = {
				ASSETCATALOG_COMPILER_APPICON_NAME = AppIcon;
				ASSETCATALOG_COMPILER_GLOBAL_ACCENT_COLOR_NAME = AccentColor;
				CODE_SIGN_STYLE = Automatic;
				CURRENT_PROJECT_VERSION = 1;
				DEVELOPMENT_TEAM = 9JL22B5JQQ;
				GENERATE_INFOPLIST_FILE = YES;
				INFOPLIST_FILE = FitnessAPP/Info.plist;
				INFOPLIST_KEY_UIApplicationSupportsIndirectInputEvents = YES;
				INFOPLIST_KEY_UILaunchStoryboardName = LaunchScreen;
				INFOPLIST_KEY_UIMainStoryboardFile = Main;
				INFOPLIST_KEY_UISupportedInterfaceOrientations_iPad = "UIInterfaceOrientationPortrait UIInterfaceOrientationPortraitUpsideDown UIInterfaceOrientationLandscapeLeft UIInterfaceOrientationLandscapeRight";
				INFOPLIST_KEY_UISupportedInterfaceOrientations_iPhone = "UIInterfaceOrientationPortrait UIInterfaceOrientationLandscapeLeft UIInterfaceOrientationLandscapeRight";
				LD_RUNPATH_SEARCH_PATHS = (
					"$(inherited)",
					"@executable_path/Frameworks",
				);
				MARKETING_VERSION = 1.0;
				PRODUCT_BUNDLE_IDENTIFIER = com.shadonInstitute.FitnessAPP;
				PRODUCT_NAME = "$(TARGET_NAME)";
				SWIFT_EMIT_LOC_STRINGS = YES;
				SWIFT_VERSION = 5.0;
				TARGETED_DEVICE_FAMILY = "1,2";
			};
			name = Debug;
		};
		4EB9225F28F9242E004B160F /* Release */ = {
			isa = XCBuildConfiguration;
			buildSettings = {
				ASSETCATALOG_COMPILER_APPICON_NAME = AppIcon;
				ASSETCATALOG_COMPILER_GLOBAL_ACCENT_COLOR_NAME = AccentColor;
				CODE_SIGN_STYLE = Automatic;
				CURRENT_PROJECT_VERSION = 1;
				DEVELOPMENT_TEAM = 9JL22B5JQQ;
				GENERATE_INFOPLIST_FILE = YES;
				INFOPLIST_FILE = FitnessAPP/Info.plist;
				INFOPLIST_KEY_UIApplicationSupportsIndirectInputEvents = YES;
				INFOPLIST_KEY_UILaunchStoryboardName = LaunchScreen;
				INFOPLIST_KEY_UIMainStoryboardFile = Main;
				INFOPLIST_KEY_UISupportedInterfaceOrientations_iPad = "UIInterfaceOrientationPortrait UIInterfaceOrientationPortraitUpsideDown UIInterfaceOrientationLandscapeLeft UIInterfaceOrientationLandscapeRight";
				INFOPLIST_KEY_UISupportedInterfaceOrientations_iPhone = "UIInterfaceOrientationPortrait UIInterfaceOrientationLandscapeLeft UIInterfaceOrientationLandscapeRight";
				LD_RUNPATH_SEARCH_PATHS = (
					"$(inherited)",
					"@executable_path/Frameworks",
				);
				MARKETING_VERSION = 1.0;
				PRODUCT_BUNDLE_IDENTIFIER = com.shadonInstitute.FitnessAPP;
				PRODUCT_NAME = "$(TARGET_NAME)";
				SWIFT_EMIT_LOC_STRINGS = YES;
				SWIFT_VERSION = 5.0;
				TARGETED_DEVICE_FAMILY = "1,2";
			};
			name = Release;
		};
		4EB9226128F9242E004B160F /* Debug */ = {
			isa = XCBuildConfiguration;
			buildSettings = {
				ALWAYS_EMBED_SWIFT_STANDARD_LIBRARIES = YES;
				BUNDLE_LOADER = "$(TEST_HOST)";
				CODE_SIGN_STYLE = Automatic;
				CURRENT_PROJECT_VERSION = 1;
				DEVELOPMENT_TEAM = 9JL22B5JQQ;
				GENERATE_INFOPLIST_FILE = YES;
				IPHONEOS_DEPLOYMENT_TARGET = 16.0;
				MARKETING_VERSION = 1.0;
				PRODUCT_BUNDLE_IDENTIFIER = com.shadonInstitute.FitnessAPPTests;
				PRODUCT_NAME = "$(TARGET_NAME)";
				SWIFT_EMIT_LOC_STRINGS = NO;
				SWIFT_VERSION = 5.0;
				TARGETED_DEVICE_FAMILY = "1,2";
				TEST_HOST = "$(BUILT_PRODUCTS_DIR)/FitnessAPP.app/$(BUNDLE_EXECUTABLE_FOLDER_PATH)/FitnessAPP";
			};
			name = Debug;
		};
		4EB9226228F9242E004B160F /* Release */ = {
			isa = XCBuildConfiguration;
			buildSettings = {
				ALWAYS_EMBED_SWIFT_STANDARD_LIBRARIES = YES;
				BUNDLE_LOADER = "$(TEST_HOST)";
				CODE_SIGN_STYLE = Automatic;
				CURRENT_PROJECT_VERSION = 1;
				DEVELOPMENT_TEAM = 9JL22B5JQQ;
				GENERATE_INFOPLIST_FILE = YES;
				IPHONEOS_DEPLOYMENT_TARGET = 16.0;
				MARKETING_VERSION = 1.0;
				PRODUCT_BUNDLE_IDENTIFIER = com.shadonInstitute.FitnessAPPTests;
				PRODUCT_NAME = "$(TARGET_NAME)";
				SWIFT_EMIT_LOC_STRINGS = NO;
				SWIFT_VERSION = 5.0;
				TARGETED_DEVICE_FAMILY = "1,2";
				TEST_HOST = "$(BUILT_PRODUCTS_DIR)/FitnessAPP.app/$(BUNDLE_EXECUTABLE_FOLDER_PATH)/FitnessAPP";
			};
			name = Release;
		};
		4EB9226428F9242E004B160F /* Debug */ = {
			isa = XCBuildConfiguration;
			buildSettings = {
				ALWAYS_EMBED_SWIFT_STANDARD_LIBRARIES = YES;
				CODE_SIGN_STYLE = Automatic;
				CURRENT_PROJECT_VERSION = 1;
				DEVELOPMENT_TEAM = 9JL22B5JQQ;
				GENERATE_INFOPLIST_FILE = YES;
				MARKETING_VERSION = 1.0;
				PRODUCT_BUNDLE_IDENTIFIER = com.shadonInstitute.FitnessAPPUITests;
				PRODUCT_NAME = "$(TARGET_NAME)";
				SWIFT_EMIT_LOC_STRINGS = NO;
				SWIFT_VERSION = 5.0;
				TARGETED_DEVICE_FAMILY = "1,2";
				TEST_TARGET_NAME = FitnessAPP;
			};
			name = Debug;
		};
		4EB9226528F9242E004B160F /* Release */ = {
			isa = XCBuildConfiguration;
			buildSettings = {
				ALWAYS_EMBED_SWIFT_STANDARD_LIBRARIES = YES;
				CODE_SIGN_STYLE = Automatic;
				CURRENT_PROJECT_VERSION = 1;
				DEVELOPMENT_TEAM = 9JL22B5JQQ;
				GENERATE_INFOPLIST_FILE = YES;
				MARKETING_VERSION = 1.0;
				PRODUCT_BUNDLE_IDENTIFIER = com.shadonInstitute.FitnessAPPUITests;
				PRODUCT_NAME = "$(TARGET_NAME)";
				SWIFT_EMIT_LOC_STRINGS = NO;
				SWIFT_VERSION = 5.0;
				TARGETED_DEVICE_FAMILY = "1,2";
				TEST_TARGET_NAME = FitnessAPP;
			};
			name = Release;
		};
/* End XCBuildConfiguration section */

/* Begin XCConfigurationList section */
		4EB9222E28F9242B004B160F /* Build configuration list for PBXProject "FitnessAPP" */ = {
			isa = XCConfigurationList;
			buildConfigurations = (
				4EB9225B28F9242E004B160F /* Debug */,
				4EB9225C28F9242E004B160F /* Release */,
			);
			defaultConfigurationIsVisible = 0;
			defaultConfigurationName = Release;
		};
		4EB9225D28F9242E004B160F /* Build configuration list for PBXNativeTarget "FitnessAPP" */ = {
			isa = XCConfigurationList;
			buildConfigurations = (
				4EB9225E28F9242E004B160F /* Debug */,
				4EB9225F28F9242E004B160F /* Release */,
			);
			defaultConfigurationIsVisible = 0;
			defaultConfigurationName = Release;
		};
		4EB9226028F9242E004B160F /* Build configuration list for PBXNativeTarget "FitnessAPPTests" */ = {
			isa = XCConfigurationList;
			buildConfigurations = (
				4EB9226128F9242E004B160F /* Debug */,
				4EB9226228F9242E004B160F /* Release */,
			);
			defaultConfigurationIsVisible = 0;
			defaultConfigurationName = Release;
		};
		4EB9226328F9242E004B160F /* Build configuration list for PBXNativeTarget "FitnessAPPUITests" */ = {
			isa = XCConfigurationList;
			buildConfigurations = (
				4EB9226428F9242E004B160F /* Debug */,
				4EB9226528F9242E004B160F /* Release */,
			);
			defaultConfigurationIsVisible = 0;
			defaultConfigurationName = Release;
		};
/* End XCConfigurationList section */
	};
	rootObject = 4EB9222B28F9242B004B160F /* Project object */;
}
